
Microsoft Visual Studio Solution File, Format Version 12.00
# Visual Studio Version 16
VisualStudioVersion = 16.0.29709.97
MinimumVisualStudioVersion = 10.0.40219.1
Project("{FAE04EC0-301F-11D3-BF4B-00C04F79EFBC}") = "day12_", "day12_.csproj", "{10841C2C-23EF-4D42-A6BD-637D4EF8220D}"
EndProject
Global
	GlobalSection(SolutionConfigurationPlatforms) = preSolution
		Debug|Any CPU = Debug|Any CPU
		Release|Any CPU = Release|Any CPU
	EndGlobalSection
	GlobalSection(ProjectConfigurationPlatforms) = postSolution
		{10841C2C-23EF-4D42-A6BD-637D4EF8220D}.Debug|Any CPU.ActiveCfg = Debug|Any CPU
		{10841C2C-23EF-4D42-A6BD-637D4EF8220D}.Debug|Any CPU.Build.0 = Debug|Any CPU
		{10841C2C-23EF-4D42-A6BD-637D4EF8220D}.Release|Any CPU.ActiveCfg = Release|Any CPU
		{10841C2C-23EF-4D42-A6BD-637D4EF8220D}.Release|Any CPU.Build.0 = Release|Any CPU
	EndGlobalSection
	GlobalSection(SolutionProperties) = preSolution
		HideSolutionNode = FALSE
	EndGlobalSection
	GlobalSection(ExtensibilityGlobals) = postSolution
		SolutionGuid = {E2C42BB5-9575-4E44-AE5D-83311AC1F9A1}
	EndGlobalSection
EndGlobal
