
Microsoft Visual Studio Solution File, Format Version 12.00
# Visual Studio Version 16
VisualStudioVersion = 16.0.29709.97
MinimumVisualStudioVersion = 10.0.40219.1
Project("{FAE04EC0-301F-11D3-BF4B-00C04F79EFBC}") = "Day15", "Day15.csproj", "{9CB7237A-A284-41D9-AB04-E2759BD184C2}"
EndProject
Global
	GlobalSection(SolutionConfigurationPlatforms) = preSolution
		Debug|Any CPU = Debug|Any CPU
		Release|Any CPU = Release|Any CPU
	EndGlobalSection
	GlobalSection(ProjectConfigurationPlatforms) = postSolution
		{9CB7237A-A284-41D9-AB04-E2759BD184C2}.Debug|Any CPU.ActiveCfg = Debug|Any CPU
		{9CB7237A-A284-41D9-AB04-E2759BD184C2}.Debug|Any CPU.Build.0 = Debug|Any CPU
		{9CB7237A-A284-41D9-AB04-E2759BD184C2}.Release|Any CPU.ActiveCfg = Release|Any CPU
		{9CB7237A-A284-41D9-AB04-E2759BD184C2}.Release|Any CPU.Build.0 = Release|Any CPU
	EndGlobalSection
	GlobalSection(SolutionProperties) = preSolution
		HideSolutionNode = FALSE
	EndGlobalSection
	GlobalSection(ExtensibilityGlobals) = postSolution
		SolutionGuid = {D7D84541-0C78-4418-BAD0-C57063146CF6}
	EndGlobalSection
EndGlobal
