
Microsoft Visual Studio Solution File, Format Version 12.00
# Visual Studio Version 16
VisualStudioVersion = 16.0.29709.97
MinimumVisualStudioVersion = 10.0.40219.1
Project("{FAE04EC0-301F-11D3-BF4B-00C04F79EFBC}") = "studenti", "studenti.csproj", "{949A6C56-1444-424F-A54A-A5D20F0C8A06}"
EndProject
Global
	GlobalSection(SolutionConfigurationPlatforms) = preSolution
		Debug|Any CPU = Debug|Any CPU
		Release|Any CPU = Release|Any CPU
	EndGlobalSection
	GlobalSection(ProjectConfigurationPlatforms) = postSolution
		{949A6C56-1444-424F-A54A-A5D20F0C8A06}.Debug|Any CPU.ActiveCfg = Debug|Any CPU
		{949A6C56-1444-424F-A54A-A5D20F0C8A06}.Debug|Any CPU.Build.0 = Debug|Any CPU
		{949A6C56-1444-424F-A54A-A5D20F0C8A06}.Release|Any CPU.ActiveCfg = Release|Any CPU
		{949A6C56-1444-424F-A54A-A5D20F0C8A06}.Release|Any CPU.Build.0 = Release|Any CPU
	EndGlobalSection
	GlobalSection(SolutionProperties) = preSolution
		HideSolutionNode = FALSE
	EndGlobalSection
	GlobalSection(ExtensibilityGlobals) = postSolution
		SolutionGuid = {86B28E65-B150-4594-AAA3-1ED387095A88}
	EndGlobalSection
EndGlobal
