
Microsoft Visual Studio Solution File, Format Version 12.00
# Visual Studio Version 16
VisualStudioVersion = 16.0.29709.97
MinimumVisualStudioVersion = 10.0.40219.1
Project("{FAE04EC0-301F-11D3-BF4B-00C04F79EFBC}") = "Day12", "Day12.csproj", "{2CC3C19B-CB8B-41CC-A3D1-22D9BC0A03AB}"
EndProject
Global
	GlobalSection(SolutionConfigurationPlatforms) = preSolution
		Debug|Any CPU = Debug|Any CPU
		Release|Any CPU = Release|Any CPU
	EndGlobalSection
	GlobalSection(ProjectConfigurationPlatforms) = postSolution
		{2CC3C19B-CB8B-41CC-A3D1-22D9BC0A03AB}.Debug|Any CPU.ActiveCfg = Debug|Any CPU
		{2CC3C19B-CB8B-41CC-A3D1-22D9BC0A03AB}.Debug|Any CPU.Build.0 = Debug|Any CPU
		{2CC3C19B-CB8B-41CC-A3D1-22D9BC0A03AB}.Release|Any CPU.ActiveCfg = Release|Any CPU
		{2CC3C19B-CB8B-41CC-A3D1-22D9BC0A03AB}.Release|Any CPU.Build.0 = Release|Any CPU
	EndGlobalSection
	GlobalSection(SolutionProperties) = preSolution
		HideSolutionNode = FALSE
	EndGlobalSection
	GlobalSection(ExtensibilityGlobals) = postSolution
		SolutionGuid = {C4FBF055-BDFA-4814-8385-1F8A1E1155C7}
	EndGlobalSection
EndGlobal
